// !$*UTF8*$!
{
	archiveVersion = 1;
	classes = {
	};
	objectVersion = 55;
	objects = {

/* Begin PBXBuildFile section */
		A152FC2F280660B4005718C8 /* visualMeter.swift in Sources */ = {isa = PBXBuildFile; fileRef = A152FC2E280660B4005718C8 /* visualMeter.swift */; };
		A152FC31280660C6005718C8 /* meterMeat.swift in Sources */ = {isa = PBXBuildFile; fileRef = A152FC30280660C6005718C8 /* meterMeat.swift */; };
		A152FC3328067447005718C8 /* AudioMonitor.swift in Sources */ = {isa = PBXBuildFile; fileRef = A152FC3228067447005718C8 /* AudioMonitor.swift */; };
		A1DCB34427F0BE33003E9229 /* basicRecorderApp.swift in Sources */ = {isa = PBXBuildFile; fileRef = A1DCB34327F0BE33003E9229 /* basicRecorderApp.swift */; };
		A1DCB34627F0BE33003E9229 /* ContentView.swift in Sources */ = {isa = PBXBuildFile; fileRef = A1DCB34527F0BE33003E9229 /* ContentView.swift */; };
		A1DCB34827F0BE34003E9229 /* Assets.xcassets in Resources */ = {isa = PBXBuildFile; fileRef = A1DCB34727F0BE34003E9229 /* Assets.xcassets */; };
		A1DCB34B27F0BE34003E9229 /* Preview Assets.xcassets in Resources */ = {isa = PBXBuildFile; fileRef = A1DCB34A27F0BE34003E9229 /* Preview Assets.xcassets */; };
		A1DCB35427F0D125003E9229 /* AudioFunctions.swift in Sources */ = {isa = PBXBuildFile; fileRef = A1DCB35327F0D125003E9229 /* AudioFunctions.swift */; };
		A1DCB35627F0D318003E9229 /* Startup.swift in Sources */ = {isa = PBXBuildFile; fileRef = A1DCB35527F0D318003E9229 /* Startup.swift */; };
		A1DCB35827F0DF14003E9229 /* NeedRecordingPermission.swift in Sources */ = {isa = PBXBuildFile; fileRef = A1DCB35727F0DF14003E9229 /* NeedRecordingPermission.swift */; };
		A1DCB35F27F107BF003E9229 /* AudioFunctions_2.swift in Sources */ = {isa = PBXBuildFile; fileRef = A1DCB35E27F107BF003E9229 /* AudioFunctions_2.swift */; };
		A1DCB36127F10FA4003E9229 /* RecordingsList.swift in Sources */ = {isa = PBXBuildFile; fileRef = A1DCB36027F10FA4003E9229 /* RecordingsList.swift */; };
		A1DCB36327F111FD003E9229 /* Extensions.swift in Sources */ = {isa = PBXBuildFile; fileRef = A1DCB36227F111FD003E9229 /* Extensions.swift */; };
		A1DCB36627F116F0003E9229 /* RecordingDataModel.swift in Sources */ = {isa = PBXBuildFile; fileRef = A1DCB36527F116F0003E9229 /* RecordingDataModel.swift */; };
		A1DCB36827F117E1003E9229 /* Helper.swift in Sources */ = {isa = PBXBuildFile; fileRef = A1DCB36727F117E1003E9229 /* Helper.swift */; };
		A1DCB36A27F16B52003E9229 /* AudioMonitor.swift in Sources */ = {isa = PBXBuildFile; fileRef = A1DCB36927F16B52003E9229 /* AudioMonitor.swift */; };
		A1DCB38A27F17757003E9229 /* LevelMeter.swift in Sources */ = {isa = PBXBuildFile; fileRef = A1DCB38927F17757003E9229 /* LevelMeter.swift */; };
		A1DCB38E27F1789C003E9229 /* BarView.swift in Sources */ = {isa = PBXBuildFile; fileRef = A1DCB38D27F1789C003E9229 /* BarView.swift */; };
		A1DCB39027F18DEC003E9229 /* AudioPlayer.swift in Sources */ = {isa = PBXBuildFile; fileRef = A1DCB38F27F18DEC003E9229 /* AudioPlayer.swift */; };
/* End PBXBuildFile section */

/* Begin PBXFileReference section */
		A152FC2E280660B4005718C8 /* visualMeter.swift */ = {isa = PBXFileReference; lastKnownFileType = sourcecode.swift; path = visualMeter.swift; sourceTree = "<group>"; };
		A152FC30280660C6005718C8 /* meterMeat.swift */ = {isa = PBXFileReference; lastKnownFileType = sourcecode.swift; path = meterMeat.swift; sourceTree = "<group>"; };
		A152FC3228067447005718C8 /* AudioMonitor.swift */ = {isa = PBXFileReference; lastKnownFileType = sourcecode.swift; path = AudioMonitor.swift; sourceTree = "<group>"; };
		A1DCB34027F0BE33003E9229 /* basicRecorder.app */ = {isa = PBXFileReference; explicitFileType = wrapper.application; includeInIndex = 0; path = basicRecorder.app; sourceTree = BUILT_PRODUCTS_DIR; };
		A1DCB34327F0BE33003E9229 /* basicRecorderApp.swift */ = {isa = PBXFileReference; lastKnownFileType = sourcecode.swift; path = basicRecorderApp.swift; sourceTree = "<group>"; };
		A1DCB34527F0BE33003E9229 /* ContentView.swift */ = {isa = PBXFileReference; lastKnownFileType = sourcecode.swift; path = ContentView.swift; sourceTree = "<group>"; };
		A1DCB34727F0BE34003E9229 /* Assets.xcassets */ = {isa = PBXFileReference; lastKnownFileType = folder.assetcatalog; path = Assets.xcassets; sourceTree = "<group>"; };
		A1DCB34A27F0BE34003E9229 /* Preview Assets.xcassets */ = {isa = PBXFileReference; lastKnownFileType = folder.assetcatalog; path = "Preview Assets.xcassets"; sourceTree = "<group>"; };
		A1DCB35327F0D125003E9229 /* AudioFunctions.swift */ = {isa = PBXFileReference; lastKnownFileType = sourcecode.swift; path = AudioFunctions.swift; sourceTree = "<group>"; };
		A1DCB35527F0D318003E9229 /* Startup.swift */ = {isa = PBXFileReference; lastKnownFileType = sourcecode.swift; path = Startup.swift; sourceTree = "<group>"; };
		A1DCB35727F0DF14003E9229 /* NeedRecordingPermission.swift */ = {isa = PBXFileReference; lastKnownFileType = sourcecode.swift; path = NeedRecordingPermission.swift; sourceTree = "<group>"; };
		A1DCB35E27F107BF003E9229 /* AudioFunctions_2.swift */ = {isa = PBXFileReference; lastKnownFileType = sourcecode.swift; path = AudioFunctions_2.swift; sourceTree = "<group>"; };
		A1DCB36027F10FA4003E9229 /* RecordingsList.swift */ = {isa = PBXFileReference; lastKnownFileType = sourcecode.swift; path = RecordingsList.swift; sourceTree = "<group>"; };
		A1DCB36227F111FD003E9229 /* Extensions.swift */ = {isa = PBXFileReference; lastKnownFileType = sourcecode.swift; path = Extensions.swift; sourceTree = "<group>"; };
		A1DCB36527F116F0003E9229 /* RecordingDataModel.swift */ = {isa = PBXFileReference; lastKnownFileType = sourcecode.swift; path = RecordingDataModel.swift; sourceTree = "<group>"; };
		A1DCB36727F117E1003E9229 /* Helper.swift */ = {isa = PBXFileReference; lastKnownFileType = sourcecode.swift; path = Helper.swift; sourceTree = "<group>"; };
		A1DCB36927F16B52003E9229 /* AudioMonitor.swift */ = {isa = PBXFileReference; lastKnownFileType = sourcecode.swift; path = AudioMonitor.swift; sourceTree = "<group>"; };
		A1DCB38927F17757003E9229 /* LevelMeter.swift */ = {isa = PBXFileReference; lastKnownFileType = sourcecode.swift; path = LevelMeter.swift; sourceTree = "<group>"; };
		A1DCB38D27F1789C003E9229 /* BarView.swift */ = {isa = PBXFileReference; lastKnownFileType = sourcecode.swift; path = BarView.swift; sourceTree = "<group>"; };
		A1DCB38F27F18DEC003E9229 /* AudioPlayer.swift */ = {isa = PBXFileReference; lastKnownFileType = sourcecode.swift; path = AudioPlayer.swift; sourceTree = "<group>"; };
/* End PBXFileReference section */

/* Begin PBXFrameworksBuildPhase section */
		A1DCB33D27F0BE33003E9229 /* Frameworks */ = {
			isa = PBXFrameworksBuildPhase;
			buildActionMask = 2147483647;
			files = (
			);
			runOnlyForDeploymentPostprocessing = 0;
		};
/* End PBXFrameworksBuildPhase section */

/* Begin PBXGroup section */
		A1DCB33727F0BE33003E9229 = {
			isa = PBXGroup;
			children = (
				A1DCB34227F0BE33003E9229 /* basicRecorder */,
				A1DCB34127F0BE33003E9229 /* Products */,
			);
			sourceTree = "<group>";
		};
		A1DCB34127F0BE33003E9229 /* Products */ = {
			isa = PBXGroup;
			children = (
				A1DCB34027F0BE33003E9229 /* basicRecorder.app */,
			);
			name = Products;
			sourceTree = "<group>";
		};
		A1DCB34227F0BE33003E9229 /* basicRecorder */ = {
			isa = PBXGroup;
			children = (
				A1DCB34327F0BE33003E9229 /* basicRecorderApp.swift */,
				A1DCB34527F0BE33003E9229 /* ContentView.swift */,
				A1DCB38C27F1776B003E9229 /* Recording */,
				A1DCB38B27F1775C003E9229 /* Metering */,
				A1DCB36427F116BF003E9229 /* depreciated */,
				A1DCB34727F0BE34003E9229 /* Assets.xcassets */,
				A1DCB34927F0BE34003E9229 /* Preview Content */,
			);
			path = basicRecorder;
			sourceTree = "<group>";
		};
		A1DCB34927F0BE34003E9229 /* Preview Content */ = {
			isa = PBXGroup;
			children = (
				A1DCB34A27F0BE34003E9229 /* Preview Assets.xcassets */,
			);
			path = "Preview Content";
			sourceTree = "<group>";
		};
		A1DCB36427F116BF003E9229 /* depreciated */ = {
			isa = PBXGroup;
			children = (
				A1DCB38D27F1789C003E9229 /* BarView.swift */,
				A1DCB36927F16B52003E9229 /* AudioMonitor.swift */,
				A1DCB38927F17757003E9229 /* LevelMeter.swift */,
				A1DCB35727F0DF14003E9229 /* NeedRecordingPermission.swift */,
				A1DCB35327F0D125003E9229 /* AudioFunctions.swift */,
				A1DCB35527F0D318003E9229 /* Startup.swift */,
			);
			path = depreciated;
			sourceTree = "<group>";
		};
		A1DCB38B27F1775C003E9229 /* Metering */ = {
			isa = PBXGroup;
			children = (
				A152FC2E280660B4005718C8 /* visualMeter.swift */,
				A152FC30280660C6005718C8 /* meterMeat.swift */,
				A152FC3228067447005718C8 /* AudioMonitor.swift */,
			);
			path = Metering;
			sourceTree = "<group>";
		};
		A1DCB38C27F1776B003E9229 /* Recording */ = {
			isa = PBXGroup;
			children = (
				A1DCB36027F10FA4003E9229 /* RecordingsList.swift */,
				A1DCB36227F111FD003E9229 /* Extensions.swift */,
				A1DCB36527F116F0003E9229 /* RecordingDataModel.swift */,
				A1DCB36727F117E1003E9229 /* Helper.swift */,
				A1DCB35E27F107BF003E9229 /* AudioFunctions_2.swift */,
				A1DCB38F27F18DEC003E9229 /* AudioPlayer.swift */,
			);
			path = Recording;
			sourceTree = "<group>";
		};
/* End PBXGroup section */

/* Begin PBXNativeTarget section */
		A1DCB33F27F0BE33003E9229 /* basicRecorder */ = {
			isa = PBXNativeTarget;
			buildConfigurationList = A1DCB34E27F0BE34003E9229 /* Build configuration list for PBXNativeTarget "basicRecorder" */;
			buildPhases = (
				A1DCB33C27F0BE33003E9229 /* Sources */,
				A1DCB33D27F0BE33003E9229 /* Frameworks */,
				A1DCB33E27F0BE33003E9229 /* Resources */,
			);
			buildRules = (
			);
			dependencies = (
			);
			name = basicRecorder;
			packageProductDependencies = (
			);
			productName = basicRecorder;
			productReference = A1DCB34027F0BE33003E9229 /* basicRecorder.app */;
			productType = "com.apple.product-type.application";
		};
/* End PBXNativeTarget section */

/* Begin PBXProject section */
		A1DCB33827F0BE33003E9229 /* Project object */ = {
			isa = PBXProject;
			attributes = {
				BuildIndependentTargetsInParallel = 1;
				LastSwiftUpdateCheck = 1320;
				LastUpgradeCheck = 1320;
				TargetAttributes = {
					A1DCB33F27F0BE33003E9229 = {
						CreatedOnToolsVersion = 13.2.1;
					};
				};
			};
			buildConfigurationList = A1DCB33B27F0BE33003E9229 /* Build configuration list for PBXProject "basicRecorder" */;
			compatibilityVersion = "Xcode 13.0";
			developmentRegion = en;
			hasScannedForEncodings = 0;
			knownRegions = (
				en,
				Base,
			);
			mainGroup = A1DCB33727F0BE33003E9229;
			packageReferences = (
				A1F93AA3280550F500E8D462 /* XCRemoteSwiftPackageReference "FDBarGauge" */,
			);
			productRefGroup = A1DCB34127F0BE33003E9229 /* Products */;
			projectDirPath = "";
			projectRoot = "";
			targets = (
				A1DCB33F27F0BE33003E9229 /* basicRecorder */,
			);
		};
/* End PBXProject section */

/* Begin PBXResourcesBuildPhase section */
		A1DCB33E27F0BE33003E9229 /* Resources */ = {
			isa = PBXResourcesBuildPhase;
			buildActionMask = 2147483647;
			files = (
				A1DCB34B27F0BE34003E9229 /* Preview Assets.xcassets in Resources */,
				A1DCB34827F0BE34003E9229 /* Assets.xcassets in Resources */,
			);
			runOnlyForDeploymentPostprocessing = 0;
		};
/* End PBXResourcesBuildPhase section */

/* Begin PBXSourcesBuildPhase section */
		A1DCB33C27F0BE33003E9229 /* Sources */ = {
			isa = PBXSourcesBuildPhase;
			buildActionMask = 2147483647;
			files = (
				A1DCB36127F10FA4003E9229 /* RecordingsList.swift in Sources */,
				A1DCB34627F0BE33003E9229 /* ContentView.swift in Sources */,
				A1DCB35F27F107BF003E9229 /* AudioFunctions_2.swift in Sources */,
				A1DCB38A27F17757003E9229 /* LevelMeter.swift in Sources */,
				A1DCB36627F116F0003E9229 /* RecordingDataModel.swift in Sources */,
				A1DCB38E27F1789C003E9229 /* BarView.swift in Sources */,
				A1DCB36327F111FD003E9229 /* Extensions.swift in Sources */,
				A1DCB36A27F16B52003E9229 /* AudioMonitor.swift in Sources */,
				A1DCB35427F0D125003E9229 /* AudioFunctions.swift in Sources */,
				A1DCB35827F0DF14003E9229 /* NeedRecordingPermission.swift in Sources */,
				A152FC2F280660B4005718C8 /* visualMeter.swift in Sources */,
				A1DCB36827F117E1003E9229 /* Helper.swift in Sources */,
				A1DCB34427F0BE33003E9229 /* basicRecorderApp.swift in Sources */,
				A152FC3328067447005718C8 /* AudioMonitor.swift in Sources */,
				A1DCB35627F0D318003E9229 /* Startup.swift in Sources */,
				A152FC31280660C6005718C8 /* meterMeat.swift in Sources */,
				A1DCB39027F18DEC003E9229 /* AudioPlayer.swift in Sources */,
			);
			runOnlyForDeploymentPostprocessing = 0;
		};
/* End PBXSourcesBuildPhase section */

/* Begin XCBuildConfiguration section */
		A1DCB34C27F0BE34003E9229 /* Debug */ = {
			isa = XCBuildConfiguration;
			buildSettings = {
				ALWAYS_SEARCH_USER_PATHS = NO;
				CLANG_ANALYZER_NONNULL = YES;
				CLANG_ANALYZER_NUMBER_OBJECT_CONVERSION = YES_AGGRESSIVE;
				CLANG_CXX_LANGUAGE_STANDARD = "gnu++17";
				CLANG_CXX_LIBRARY = "libc++";
				CLANG_ENABLE_MODULES = YES;
				CLANG_ENABLE_OBJC_ARC = YES;
				CLANG_ENABLE_OBJC_WEAK = YES;
				CLANG_WARN_BLOCK_CAPTURE_AUTORELEASING = YES;
				CLANG_WARN_BOOL_CONVERSION = YES;
				CLANG_WARN_COMMA = YES;
				CLANG_WARN_CONSTANT_CONVERSION = YES;
				CLANG_WARN_DEPRECATED_OBJC_IMPLEMENTATIONS = YES;
				CLANG_WARN_DIRECT_OBJC_ISA_USAGE = YES_ERROR;
				CLANG_WARN_DOCUMENTATION_COMMENTS = YES;
				CLANG_WARN_EMPTY_BODY = YES;
				CLANG_WARN_ENUM_CONVERSION = YES;
				CLANG_WARN_INFINITE_RECURSION = YES;
				CLANG_WARN_INT_CONVERSION = YES;
				CLANG_WARN_NON_LITERAL_NULL_CONVERSION = YES;
				CLANG_WARN_OBJC_IMPLICIT_RETAIN_SELF = YES;
				CLANG_WARN_OBJC_LITERAL_CONVERSION = YES;
				CLANG_WARN_OBJC_ROOT_CLASS = YES_ERROR;
				CLANG_WARN_QUOTED_INCLUDE_IN_FRAMEWORK_HEADER = YES;
				CLANG_WARN_RANGE_LOOP_ANALYSIS = YES;
				CLANG_WARN_STRICT_PROTOTYPES = YES;
				CLANG_WARN_SUSPICIOUS_MOVE = YES;
				CLANG_WARN_UNGUARDED_AVAILABILITY = YES_AGGRESSIVE;
				CLANG_WARN_UNREACHABLE_CODE = YES;
				CLANG_WARN__DUPLICATE_METHOD_MATCH = YES;
				COPY_PHASE_STRIP = NO;
				DEBUG_INFORMATION_FORMAT = dwarf;
				ENABLE_STRICT_OBJC_MSGSEND = YES;
				ENABLE_TESTABILITY = YES;
				GCC_C_LANGUAGE_STANDARD = gnu11;
				GCC_DYNAMIC_NO_PIC = NO;
				GCC_NO_COMMON_BLOCKS = YES;
				GCC_OPTIMIZATION_LEVEL = 0;
				GCC_PREPROCESSOR_DEFINITIONS = (
					"DEBUG=1",
					"$(inherited)",
				);
				GCC_WARN_64_TO_32_BIT_CONVERSION = YES;
				GCC_WARN_ABOUT_RETURN_TYPE = YES_ERROR;
				GCC_WARN_UNDECLARED_SELECTOR = YES;
				GCC_WARN_UNINITIALIZED_AUTOS = YES_AGGRESSIVE;
				GCC_WARN_UNUSED_FUNCTION = YES;
				GCC_WARN_UNUSED_VARIABLE = YES;
				IPHONEOS_DEPLOYMENT_TARGET = 15.2;
				MTL_ENABLE_DEBUG_INFO = INCLUDE_SOURCE;
				MTL_FAST_MATH = YES;
				ONLY_ACTIVE_ARCH = YES;
				SDKROOT = iphoneos;
				SWIFT_ACTIVE_COMPILATION_CONDITIONS = DEBUG;
				SWIFT_OPTIMIZATION_LEVEL = "-Onone";
			};
			name = Debug;
		};
		A1DCB34D27F0BE34003E9229 /* Release */ = {
			isa = XCBuildConfiguration;
			buildSettings = {
				ALWAYS_SEARCH_USER_PATHS = NO;
				CLANG_ANALYZER_NONNULL = YES;
				CLANG_ANALYZER_NUMBER_OBJECT_CONVERSION = YES_AGGRESSIVE;
				CLANG_CXX_LANGUAGE_STANDARD = "gnu++17";
				CLANG_CXX_LIBRARY = "libc++";
				CLANG_ENABLE_MODULES = YES;
				CLANG_ENABLE_OBJC_ARC = YES;
				CLANG_ENABLE_OBJC_WEAK = YES;
				CLANG_WARN_BLOCK_CAPTURE_AUTORELEASING = YES;
				CLANG_WARN_BOOL_CONVERSION = YES;
				CLANG_WARN_COMMA = YES;
				CLANG_WARN_CONSTANT_CONVERSION = YES;
				CLANG_WARN_DEPRECATED_OBJC_IMPLEMENTATIONS = YES;
				CLANG_WARN_DIRECT_OBJC_ISA_USAGE = YES_ERROR;
				CLANG_WARN_DOCUMENTATION_COMMENTS = YES;
				CLANG_WARN_EMPTY_BODY = YES;
				CLANG_WARN_ENUM_CONVERSION = YES;
				CLANG_WARN_INFINITE_RECURSION = YES;
				CLANG_WARN_INT_CONVERSION = YES;
				CLANG_WARN_NON_LITERAL_NULL_CONVERSION = YES;
				CLANG_WARN_OBJC_IMPLICIT_RETAIN_SELF = YES;
				CLANG_WARN_OBJC_LITERAL_CONVERSION = YES;
				CLANG_WARN_OBJC_ROOT_CLASS = YES_ERROR;
				CLANG_WARN_QUOTED_INCLUDE_IN_FRAMEWORK_HEADER = YES;
				CLANG_WARN_RANGE_LOOP_ANALYSIS = YES;
				CLANG_WARN_STRICT_PROTOTYPES = YES;
				CLANG_WARN_SUSPICIOUS_MOVE = YES;
				CLANG_WARN_UNGUARDED_AVAILABILITY = YES_AGGRESSIVE;
				CLANG_WARN_UNREACHABLE_CODE = YES;
				CLANG_WARN__DUPLICATE_METHOD_MATCH = YES;
				COPY_PHASE_STRIP = NO;
				DEBUG_INFORMATION_FORMAT = "dwarf-with-dsym";
				ENABLE_NS_ASSERTIONS = NO;
				ENABLE_STRICT_OBJC_MSGSEND = YES;
				GCC_C_LANGUAGE_STANDARD = gnu11;
				GCC_NO_COMMON_BLOCKS = YES;
				GCC_WARN_64_TO_32_BIT_CONVERSION = YES;
				GCC_WARN_ABOUT_RETURN_TYPE = YES_ERROR;
				GCC_WARN_UNDECLARED_SELECTOR = YES;
				GCC_WARN_UNINITIALIZED_AUTOS = YES_AGGRESSIVE;
				GCC_WARN_UNUSED_FUNCTION = YES;
				GCC_WARN_UNUSED_VARIABLE = YES;
				IPHONEOS_DEPLOYMENT_TARGET = 15.2;
				MTL_ENABLE_DEBUG_INFO = NO;
				MTL_FAST_MATH = YES;
				SDKROOT = iphoneos;
				SWIFT_COMPILATION_MODE = wholemodule;
				SWIFT_OPTIMIZATION_LEVEL = "-O";
				VALIDATE_PRODUCT = YES;
			};
			name = Release;
		};
		A1DCB34F27F0BE34003E9229 /* Debug */ = {
			isa = XCBuildConfiguration;
			buildSettings = {
				ASSETCATALOG_COMPILER_APPICON_NAME = AppIcon;
				ASSETCATALOG_COMPILER_GLOBAL_ACCENT_COLOR_NAME = AccentColor;
				CODE_SIGN_IDENTITY = "Apple Development";
				CODE_SIGN_STYLE = Automatic;
				CURRENT_PROJECT_VERSION = 1;
				DEVELOPMENT_ASSET_PATHS = "\"basicRecorder/Preview Content\"";
				DEVELOPMENT_TEAM = 57NKDC9RXB;
				ENABLE_PREVIEWS = YES;
				GENERATE_INFOPLIST_FILE = YES;
				INFOPLIST_KEY_NSMicrophoneUsageDescription = "Microphone access needed to record audio...";
				INFOPLIST_KEY_UIApplicationSceneManifest_Generation = YES;
				INFOPLIST_KEY_UIApplicationSupportsIndirectInputEvents = YES;
				INFOPLIST_KEY_UILaunchScreen_Generation = YES;
				INFOPLIST_KEY_UISupportedInterfaceOrientations = "UIInterfaceOrientationPortrait UIInterfaceOrientationPortraitUpsideDown";
				INFOPLIST_KEY_UISupportedInterfaceOrientations_iPad = "UIInterfaceOrientationPortrait UIInterfaceOrientationPortraitUpsideDown UIInterfaceOrientationLandscapeLeft UIInterfaceOrientationLandscapeRight";
				INFOPLIST_KEY_UISupportedInterfaceOrientations_iPhone = "UIInterfaceOrientationPortrait UIInterfaceOrientationLandscapeLeft UIInterfaceOrientationLandscapeRight";
				LD_RUNPATH_SEARCH_PATHS = (
					"$(inherited)",
					"@executable_path/Frameworks",
				);
				MARKETING_VERSION = 1.0;
				NEW_SETTING = "";
				PRODUCT_BUNDLE_IDENTIFIER = "the-andy-freeman-company.basicRecorder";
				PRODUCT_NAME = "$(TARGET_NAME)";
				PROVISIONING_PROFILE_SPECIFIER = "";
				SWIFT_EMIT_LOC_STRINGS = YES;
				SWIFT_VERSION = 5.0;
				TARGETED_DEVICE_FAMILY = "1,2";
			};
			name = Debug;
		};
		A1DCB35027F0BE34003E9229 /* Release */ = {
			isa = XCBuildConfiguration;
			buildSettings = {
				ASSETCATALOG_COMPILER_APPICON_NAME = AppIcon;
				ASSETCATALOG_COMPILER_GLOBAL_ACCENT_COLOR_NAME = AccentColor;
				CODE_SIGN_IDENTITY = "Apple Development";
				CODE_SIGN_STYLE = Automatic;
				CURRENT_PROJECT_VERSION = 1;
				DEVELOPMENT_ASSET_PATHS = "\"basicRecorder/Preview Content\"";
				DEVELOPMENT_TEAM = 57NKDC9RXB;
				ENABLE_PREVIEWS = YES;
				GENERATE_INFOPLIST_FILE = YES;
				INFOPLIST_KEY_NSMicrophoneUsageDescription = "Microphone access needed to record audio...";
				INFOPLIST_KEY_UIApplicationSceneManifest_Generation = YES;
				INFOPLIST_KEY_UIApplicationSupportsIndirectInputEvents = YES;
				INFOPLIST_KEY_UILaunchScreen_Generation = YES;
				INFOPLIST_KEY_UISupportedInterfaceOrientations = "UIInterfaceOrientationPortrait UIInterfaceOrientationPortraitUpsideDown";
				INFOPLIST_KEY_UISupportedInterfaceOrientations_iPad = "UIInterfaceOrientationPortrait UIInterfaceOrientationPortraitUpsideDown UIInterfaceOrientationLandscapeLeft UIInterfaceOrientationLandscapeRight";
				INFOPLIST_KEY_UISupportedInterfaceOrientations_iPhone = "UIInterfaceOrientationPortrait UIInterfaceOrientationLandscapeLeft UIInterfaceOrientationLandscapeRight";
				LD_RUNPATH_SEARCH_PATHS = (
					"$(inherited)",
					"@executable_path/Frameworks",
				);
				MARKETING_VERSION = 1.0;
				NEW_SETTING = "";
				PRODUCT_BUNDLE_IDENTIFIER = "the-andy-freeman-company.basicRecorder";
				PRODUCT_NAME = "$(TARGET_NAME)";
				PROVISIONING_PROFILE_SPECIFIER = "";
				SWIFT_EMIT_LOC_STRINGS = YES;
				SWIFT_VERSION = 5.0;
				TARGETED_DEVICE_FAMILY = "1,2";
			};
			name = Release;
		};
/* End XCBuildConfiguration section */

/* Begin XCConfigurationList section */
		A1DCB33B27F0BE33003E9229 /* Build configuration list for PBXProject "basicRecorder" */ = {
			isa = XCConfigurationList;
			buildConfigurations = (
				A1DCB34C27F0BE34003E9229 /* Debug */,
				A1DCB34D27F0BE34003E9229 /* Release */,
			);
			defaultConfigurationIsVisible = 0;
			defaultConfigurationName = Release;
		};
		A1DCB34E27F0BE34003E9229 /* Build configuration list for PBXNativeTarget "basicRecorder" */ = {
			isa = XCConfigurationList;
			buildConfigurations = (
				A1DCB34F27F0BE34003E9229 /* Debug */,
				A1DCB35027F0BE34003E9229 /* Release */,
			);
			defaultConfigurationIsVisible = 0;
			defaultConfigurationName = Release;
		};
/* End XCConfigurationList section */

/* Begin XCRemoteSwiftPackageReference section */
		A1F93AA3280550F500E8D462 /* XCRemoteSwiftPackageReference "FDBarGauge" */ = {
			isa = XCRemoteSwiftPackageReference;
			repositoryURL = "https://github.com/fulldecent/FDBarGauge";
			requirement = {
				kind = upToNextMajorVersion;
				minimumVersion = 5.0.0;
			};
		};
/* End XCRemoteSwiftPackageReference section */
	};
	rootObject = A1DCB33827F0BE33003E9229 /* Project object */;
}
